
Microsoft Visual Studio Solution File, Format Version 12.00
# Visual Studio Version 16
VisualStudioVersion = 16.0.29613.14
MinimumVisualStudioVersion = 10.0.40219.1
Project("{9A19103F-16F7-4668-BE54-9A1E7A4F7556}") = "assigment", "assigment\assigment.csproj", "{82896757-39C7-4234-A554-2EF44A387740}"
EndProject
Project("{FAE04EC0-301F-11D3-BF4B-00C04F79EFBC}") = "React", "React\React.csproj", "{BF6FD66C-11B6-4F61-8923-C996BA66DE5D}"
EndProject
Global
	GlobalSection(SolutionConfigurationPlatforms) = preSolution
		Debug|Any CPU = Debug|Any CPU
		Release|Any CPU = Release|Any CPU
	EndGlobalSection
	GlobalSection(ProjectConfigurationPlatforms) = postSolution
		{82896757-39C7-4234-A554-2EF44A387740}.Debug|Any CPU.ActiveCfg = Debug|Any CPU
		{82896757-39C7-4234-A554-2EF44A387740}.Debug|Any CPU.Build.0 = Debug|Any CPU
		{82896757-39C7-4234-A554-2EF44A387740}.Release|Any CPU.ActiveCfg = Release|Any CPU
		{82896757-39C7-4234-A554-2EF44A387740}.Release|Any CPU.Build.0 = Release|Any CPU
		{BF6FD66C-11B6-4F61-8923-C996BA66DE5D}.Debug|Any CPU.ActiveCfg = Debug|Any CPU
		{BF6FD66C-11B6-4F61-8923-C996BA66DE5D}.Debug|Any CPU.Build.0 = Debug|Any CPU
		{BF6FD66C-11B6-4F61-8923-C996BA66DE5D}.Release|Any CPU.ActiveCfg = Release|Any CPU
		{BF6FD66C-11B6-4F61-8923-C996BA66DE5D}.Release|Any CPU.Build.0 = Release|Any CPU
	EndGlobalSection
	GlobalSection(SolutionProperties) = preSolution
		HideSolutionNode = FALSE
	EndGlobalSection
	GlobalSection(ExtensibilityGlobals) = postSolution
		SolutionGuid = {593F5D0C-7A7F-4012-8E28-CAE2DD64F877}
	EndGlobalSection
EndGlobal
